
Microsoft Visual Studio Solution File, Format Version 12.00
# Visual Studio Version 17
VisualStudioVersion = 17.6.33723.286
MinimumVisualStudioVersion = 10.0.40219.1
Project("{FAE04EC0-301F-11D3-BF4B-00C04F79EFBC}") = "Even_Odd", "Even_Odd\Even_Odd.csproj", "{2749755C-62D7-41ED-B9EC-7EF44AE53F5E}"
EndProject
Global
	GlobalSection(SolutionConfigurationPlatforms) = preSolution
		Debug|Any CPU = Debug|Any CPU
		Release|Any CPU = Release|Any CPU
	EndGlobalSection
	GlobalSection(ProjectConfigurationPlatforms) = postSolution
		{2749755C-62D7-41ED-B9EC-7EF44AE53F5E}.Debug|Any CPU.ActiveCfg = Debug|Any CPU
		{2749755C-62D7-41ED-B9EC-7EF44AE53F5E}.Debug|Any CPU.Build.0 = Debug|Any CPU
		{2749755C-62D7-41ED-B9EC-7EF44AE53F5E}.Release|Any CPU.ActiveCfg = Release|Any CPU
		{2749755C-62D7-41ED-B9EC-7EF44AE53F5E}.Release|Any CPU.Build.0 = Release|Any CPU
	EndGlobalSection
	GlobalSection(SolutionProperties) = preSolution
		HideSolutionNode = FALSE
	EndGlobalSection
	GlobalSection(ExtensibilityGlobals) = postSolution
		SolutionGuid = {2A3857CB-56DF-4BAA-97FB-C692525EA049}
	EndGlobalSection
EndGlobal
